Microsoft Visual Studio Solution File, Format Version 11.00
# Visual Studio 2008

Project("{76A0DBC4-D421-2AC2-7C9F-F9DCB7013174}") = "Uczen Czarodzieja", "Assembly-CSharp.csproj", "{89C038F0-ABF3-EDF3-80F4-89EE0C118DE8}"
EndProject
Global
	GlobalSection(SolutionConfigurationPlatforms) = preSolution
		Debug|Any CPU = Debug|Any CPU
		Release|Any CPU = Release|Any CPU
	EndGlobalSection
	GlobalSection(ProjectConfigurationPlatforms) = postSolution
		{89C038F0-ABF3-EDF3-80F4-89EE0C118DE8}.Debug|Any CPU.ActiveCfg = Debug|Any CPU
		{89C038F0-ABF3-EDF3-80F4-89EE0C118DE8}.Debug|Any CPU.Build.0 = Debug|Any CPU
		{89C038F0-ABF3-EDF3-80F4-89EE0C118DE8}.Release|Any CPU.ActiveCfg = Release|Any CPU
		{89C038F0-ABF3-EDF3-80F4-89EE0C118DE8}.Release|Any CPU.Build.0 = Release|Any CPU
	EndGlobalSection
	GlobalSection(SolutionProperties) = preSolution
		HideSolutionNode = FALSE
	EndGlobalSection
	GlobalSection(MonoDevelopProperties) = preSolution
		StartupItem = Assembly-CSharp.csproj
	EndGlobalSection
EndGlobal
